# This file is autogenerated, do not edit; changes may be undone by the next 'dep ensure'.


[[projects]]
  name = "github.com/bitly/go-simplejson"
  packages = ["."]
  revision = "aabad6e819789e569bd6aabf444c935aa9ba1e44"
  version = "v0.5.0"

[[projects]]
  name = "github.com/elazarl/goproxy"
  packages = ["."]
  revision = "0a5b8bdb09049ae4ae68e75437ded0b7a2e324e3"
  version = "v1.0"

[[projects]]
  branch = "master"
  name = "github.com/ltt1987/alidayu"
  packages = ["."]
  revision = "6b2a120db1030953b3366c56295b3b4941664e17"

[[projects]]
  name = "github.com/robfig/cron"
  packages = ["."]
  revision = "b024fc5ea0e34bc3f83d9941c8d60b0622bfaca4"
  version = "v1"

[[projects]]
  name = "github.com/satori/go.uuid"
  packages = ["."]
  revision = "f58768cc1a7a7e77a3bd49e98cdd21419399b6a3"
  version = "v1.2.0"

[solve-meta]
  analyzer-name = "dep"
  analyzer-version = 1
  inputs-digest = "a3aa45c9200abcb4a532bf61590a3420e88079fea165c45a98adbb74baf9e0c4"
  solver-name = "gps-cdcl"
  solver-version = 1
